
Microsoft Visual Studio Solution File, Format Version 12.00
# Visual Studio Version 18
VisualStudioVersion = 18.4.11605.240 stable
MinimumVisualStudioVersion = 10.0.40219.1
Project("{FAE04EC0-301F-11D3-BF4B-00C04F79EFBC}") = "OrderManagement", "OrderManagement.csproj", "{1D6378BF-FC29-4FE4-99C9-F85419674AF8}"
EndProject
Project("{FAE04EC0-301F-11D3-BF4B-00C04F79EFBC}") = "OrderManagementModels", "..\orderManagementModels\OrderManagementModels.csproj", "{510A6402-CAD3-44C1-A6EE-F666E87EE4AD}"
EndProject
Project("{FAE04EC0-301F-11D3-BF4B-00C04F79EFBC}") = "OrderManagementDataService", "..\OrderManagementDataService\OrderManagementDataService.csproj", "{C91E9635-BC66-42F2-A553-DA5988BAD0D0}"
EndProject
Project("{FAE04EC0-301F-11D3-BF4B-00C04F79EFBC}") = "OrderManagementAppService", "..\OrderManagementAppService\OrderManagementAppService.csproj", "{066AB320-F83B-4B74-ACD5-FC6AF2F7F158}"
EndProject
Global
	GlobalSection(SolutionConfigurationPlatforms) = preSolution
		Debug|Any CPU = Debug|Any CPU
		Release|Any CPU = Release|Any CPU
	EndGlobalSection
	GlobalSection(ProjectConfigurationPlatforms) = postSolution
		{1D6378BF-FC29-4FE4-99C9-F85419674AF8}.Debug|Any CPU.ActiveCfg = Debug|Any CPU
		{1D6378BF-FC29-4FE4-99C9-F85419674AF8}.Debug|Any CPU.Build.0 = Debug|Any CPU
		{1D6378BF-FC29-4FE4-99C9-F85419674AF8}.Release|Any CPU.ActiveCfg = Release|Any CPU
		{1D6378BF-FC29-4FE4-99C9-F85419674AF8}.Release|Any CPU.Build.0 = Release|Any CPU
		{510A6402-CAD3-44C1-A6EE-F666E87EE4AD}.Debug|Any CPU.ActiveCfg = Debug|Any CPU
		{510A6402-CAD3-44C1-A6EE-F666E87EE4AD}.Debug|Any CPU.Build.0 = Debug|Any CPU
		{510A6402-CAD3-44C1-A6EE-F666E87EE4AD}.Release|Any CPU.ActiveCfg = Release|Any CPU
		{510A6402-CAD3-44C1-A6EE-F666E87EE4AD}.Release|Any CPU.Build.0 = Release|Any CPU
		{C91E9635-BC66-42F2-A553-DA5988BAD0D0}.Debug|Any CPU.ActiveCfg = Debug|Any CPU
		{C91E9635-BC66-42F2-A553-DA5988BAD0D0}.Debug|Any CPU.Build.0 = Debug|Any CPU
		{C91E9635-BC66-42F2-A553-DA5988BAD0D0}.Release|Any CPU.ActiveCfg = Release|Any CPU
		{C91E9635-BC66-42F2-A553-DA5988BAD0D0}.Release|Any CPU.Build.0 = Release|Any CPU
		{066AB320-F83B-4B74-ACD5-FC6AF2F7F158}.Debug|Any CPU.ActiveCfg = Debug|Any CPU
		{066AB320-F83B-4B74-ACD5-FC6AF2F7F158}.Debug|Any CPU.Build.0 = Debug|Any CPU
		{066AB320-F83B-4B74-ACD5-FC6AF2F7F158}.Release|Any CPU.ActiveCfg = Release|Any CPU
		{066AB320-F83B-4B74-ACD5-FC6AF2F7F158}.Release|Any CPU.Build.0 = Release|Any CPU
	EndGlobalSection
	GlobalSection(SolutionProperties) = preSolution
		HideSolutionNode = FALSE
	EndGlobalSection
	GlobalSection(ExtensibilityGlobals) = postSolution
		SolutionGuid = {F8DE9F0B-AED1-40C0-BA20-D97FECC50672}
	EndGlobalSection
EndGlobal
